<?xml version="1.0" encoding="utf-8"?>
<Project ToolsVersion="4.0" xmlns="http://schemas.microsoft.com/developer/msbuild/2003">
  <ItemGroup>
    <Filter Include="Исходные файлы">
      <UniqueIdentifier>{4FC737F1-C7A5-4376-A066-2A32D752A2FF}</UniqueIdentifier>
      <Extensions>cpp;c;cc;cxx;c++;cppm;ixx;def;odl;idl;hpj;bat;asm;asmx</Extensions>
    </Filter>
    <Filter Include="Файлы заголовков">
      <UniqueIdentifier>{93995380-89BD-4b04-88EB-625FBE52EBFB}</UniqueIdentifier>
      <Extensions>h;hh;hpp;hxx;h++;hm;inl;inc;ipp;xsd</Extensions>
    </Filter>
    <Filter Include="Файлы ресурсов">
      <UniqueIdentifier>{67DA6AB6-F800-4c08-8B7A-83BB121AAD01}</UniqueIdentifier>
      <Extensions>rc;ico;cur;bmp;dlg;rc2;rct;bin;rgs;gif;jpg;jpeg;jpe;resx;tiff;tif;png;wav;mfcribbon-ms</Extensions>
    </Filter>
  </ItemGroup>
  <ItemGroup>
    <ClCompile Include="DDS.cpp">
      <Filter>Исходные файлы</Filter>
    </ClCompile>
    <ClCompile Include="lab7.cpp">
      <Filter>Исходные файлы</Filter>
    </ClCompile>
    <ClCompile Include="imgui\imgui.cpp">
      <Filter>Файлы ресурсов</Filter>
    </ClCompile>
    <ClCompile Include="imgui\imgui_draw.cpp">
      <Filter>Файлы ресурсов</Filter>
    </ClCompile>
    <ClCompile Include="imgui\imgui_tables.cpp">
      <Filter>Файлы ресурсов</Filter>
    </ClCompile>
    <ClCompile Include="imgui\imgui_widgets.cpp">
      <Filter>Файлы ресурсов</Filter>
    </ClCompile>
    <ClCompile Include="imgui\backends\imgui_impl_dx11.cpp">
      <Filter>Файлы ресурсов</Filter>
    </ClCompile>
    <ClCompile Include="imgui\backends\imgui_impl_win32.cpp">
      <Filter>Файлы ресурсов</Filter>
    </ClCompile>
  </ItemGroup>
  <ItemGroup>
    <ClInclude Include="DDS.h">
      <Filter>Файлы заголовков</Filter>
    </ClInclude>
    <ClInclude Include="framework.h">
      <Filter>Файлы заголовков</Filter>
    </ClInclude>
    <ClInclude Include="lab7.h">
      <Filter>Файлы заголовков</Filter>
    </ClInclude>
    <ClInclude Include="Light.h">
      <Filter>Файлы заголовков</Filter>
    </ClInclude>
    <ClInclude Include="Matrix.h">
      <Filter>Файлы заголовков</Filter>
    </ClInclude>
    <ClInclude Include="Point.h">
      <Filter>Файлы заголовков</Filter>
    </ClInclude>
    <ClInclude Include="resource.h">
      <Filter>Файлы заголовков</Filter>
    </ClInclude>
    <ClInclude Include="SceneCB.h">
      <Filter>Файлы заголовков</Filter>
    </ClInclude>
    <ClInclude Include="targetver.h">
      <Filter>Файлы заголовков</Filter>
    </ClInclude>
    <ClInclude Include="imgui\imgui.h">
      <Filter>Файлы ресурсов</Filter>
    </ClInclude>
    <ClInclude Include="imgui\backends\imgui_impl_dx11.h">
      <Filter>Файлы ресурсов</Filter>
    </ClInclude>
    <ClInclude Include="imgui\backends\imgui_impl_win32.h">
      <Filter>Файлы ресурсов</Filter>
    </ClInclude>
  </ItemGroup>
  <ItemGroup>
    <None Include="TransColor.vs">
      <Filter>Файлы ресурсов</Filter>
    </None>
    <None Include="SphereTexture.vs">
      <Filter>Файлы ресурсов</Filter>
    </None>
    <None Include="SimpleTexture.vs">
      <Filter>Файлы ресурсов</Filter>
    </None>
    <None Include="Contrast.vs">
      <Filter>Файлы ресурсов</Filter>
    </None>
    <None Include="BlackWhite.vs">
      <Filter>Файлы ресурсов</Filter>
    </None>
    <None Include="TransColor.ps">
      <Filter>Файлы ресурсов</Filter>
    </None>
    <None Include="SphereTexture.ps">
      <Filter>Файлы ресурсов</Filter>
    </None>
    <None Include="SimpleTexture.ps">
      <Filter>Файлы ресурсов</Filter>
    </None>
    <None Include="Contrast.ps">
      <Filter>Файлы ресурсов</Filter>
    </None>
    <None Include="BlackWhite.ps">
      <Filter>Файлы ресурсов</Filter>
    </None>
  </ItemGroup>
  <ItemGroup>
    <Image Include="woolNM.dds">
      <Filter>Файлы ресурсов</Filter>
    </Image>
    <Image Include="wool.dds">
      <Filter>Файлы ресурсов</Filter>
    </Image>
    <Image Include="shiba.dds">
      <Filter>Файлы ресурсов</Filter>
    </Image>
    <Image Include="pz.dds">
      <Filter>Файлы ресурсов</Filter>
    </Image>
    <Image Include="py.dds">
      <Filter>Файлы ресурсов</Filter>
    </Image>
    <Image Include="px.dds">
      <Filter>Файлы ресурсов</Filter>
    </Image>
    <Image Include="nz.dds">
      <Filter>Файлы ресурсов</Filter>
    </Image>
    <Image Include="ny.dds">
      <Filter>Файлы ресурсов</Filter>
    </Image>
    <Image Include="nx.dds">
      <Filter>Файлы ресурсов</Filter>
    </Image>
  </ItemGroup>
</Project>